# This file is automatically @generated by Poetry and should not be changed by hand.

[[package]]
name = "anyio"
version = "3.6.2"
description = "High level compatibility layer for multiple asynchronous event loop implementations"
category = "main"
optional = false
python-versions = ">=3.6.2"
files = [
    {file = "anyio-3.6.2-py3-none-any.whl", hash = "sha256:fbbe32bd270d2a2ef3ed1c5d45041250284e31fc0a4df4a5a6071842051a51e3"},
    {file = "anyio-3.6.2.tar.gz", hash = "sha256:25ea0d673ae30af41a0c442f81cf3b38c7e79fdc7b60335a4c14e05eb0947421"},
]

[package.dependencies]
idna = ">=2.8"
sniffio = ">=1.1"

[package.extras]
doc = ["packaging", "sphinx-autodoc-typehints (>=1.2.0)", "sphinx-rtd-theme"]
test = ["contextlib2", "coverage[toml] (>=4.5)", "hypothesis (>=4.0)", "mock (>=4)", "pytest (>=7.0)", "pytest-mock (>=3.6.1)", "trustme", "uvloop (<0.15)", "uvloop (>=0.15)"]
trio = ["trio (>=0.16,<0.22)"]

[[package]]
name = "atproto"
version = "0.0.7"
description = "The AT Protocol SDK"
category = "main"
optional = false
python-versions = ">=3.7,<3.12"
files = [
    {file = "atproto-0.0.7-py3-none-any.whl", hash = "sha256:535b8ab831ad3d359d8115c3c38a6a18c2fd935b8e0af8f5dc50a09134d63746"},
    {file = "atproto-0.0.7.tar.gz", hash = "sha256:5ccbd05a03dc0736ac0e6d6672955dc085d0586e76e2791efad771b0fcf9108c"},
]

[package.dependencies]
dacite = ">=1.8.0,<1.9.0"
dag-cbor = ">=0.3.2,<0.4.0"
httpx = ">=0.24.0,<0.25.0"
multiformats = ">=0.2.1,<0.3.0"
pyjwt = ">=2.7.0,<2.8.0"
typing-extensions = ">=4.5.0,<4.6.0"

[[package]]
name = "bases"
version = "0.2.1"
description = "Python library for general Base-N encodings."
category = "main"
optional = false
python-versions = ">=3.7"
files = [
    {file = "bases-0.2.1-py3-none-any.whl", hash = "sha256:d030b5e349773ad2a067bfaaf3a9794b70d23a1f923033c15c2e0ce869854f6d"},
    {file = "bases-0.2.1.tar.gz", hash = "sha256:b0999e14725b59bff38974b00e918629e0e29f3d80a40e022c6f0f8d5cdff9d4"},
]

[package.dependencies]
typing-extensions = "*"
typing-validation = "*"

[package.extras]
dev = ["base58", "mypy", "pylint", "pytest", "pytest-cov"]

[[package]]
name = "certifi"
version = "2023.5.7"
description = "Python package for providing Mozilla's CA Bundle."
category = "main"
optional = false
python-versions = ">=3.6"
files = [
    {file = "certifi-2023.5.7-py3-none-any.whl", hash = "sha256:c6c2e98f5c7869efca1f8916fed228dd91539f9f1b444c314c06eef02980c716"},
    {file = "certifi-2023.5.7.tar.gz", hash = "sha256:0f0d56dc5a6ad56fd4ba36484d6cc34451e1c6548c61daad8c320169f91eddc7"},
]

[[package]]
name = "dacite"
version = "1.8.1"
description = "Simple creation of data classes from dictionaries."
category = "main"
optional = false
python-versions = ">=3.6"
files = [
    {file = "dacite-1.8.1-py3-none-any.whl", hash = "sha256:cc31ad6fdea1f49962ea42db9421772afe01ac5442380d9a99fcf3d188c61afe"},
]

[package.extras]
dev = ["black", "coveralls", "mypy", "pre-commit", "pylint", "pytest (>=5)", "pytest-benchmark", "pytest-cov"]

[[package]]
name = "dag-cbor"
version = "0.3.2"
description = "Python implementation of the DAG-CBOR codec."
category = "main"
optional = false
python-versions = ">=3.7"
files = [
    {file = "dag-cbor-0.3.2.tar.gz", hash = "sha256:d113050d6f5cb6c1a324c911684c5daa305425702585573269bef3000aa9f106"},
    {file = "dag_cbor-0.3.2-py3-none-any.whl", hash = "sha256:c78030379f385b90498711d7613af5bdb4155d5a7623211cea2b20441d5794b4"},
]

[package.dependencies]
multiformats = "*"
typing-extensions = "*"
typing-validation = "*"

[[package]]
name = "h11"
version = "0.14.0"
description = "A pure-Python, bring-your-own-I/O implementation of HTTP/1.1"
category = "main"
optional = false
python-versions = ">=3.7"
files = [
    {file = "h11-0.14.0-py3-none-any.whl", hash = "sha256:e3fe4ac4b851c468cc8363d500db52c2ead036020723024a109d37346efaa761"},
    {file = "h11-0.14.0.tar.gz", hash = "sha256:8f19fbbe99e72420ff35c00b27a34cb9937e902a8b810e2c88300c6f0a3b699d"},
]

[[package]]
name = "httpcore"
version = "0.17.1"
description = "A minimal low-level HTTP client."
category = "main"
optional = false
python-versions = ">=3.7"
files = [
    {file = "httpcore-0.17.1-py3-none-any.whl", hash = "sha256:628e768aaeec1f7effdc6408ba1c3cdbd7487c1fc570f7d66844ec4f003e1ca4"},
    {file = "httpcore-0.17.1.tar.gz", hash = "sha256:caf508597c525f9b8bfff187e270666309f63115af30f7d68b16143a403c8356"},
]

[package.dependencies]
anyio = ">=3.0,<5.0"
certifi = "*"
h11 = ">=0.13,<0.15"
sniffio = ">=1.0.0,<2.0.0"

[package.extras]
http2 = ["h2 (>=3,<5)"]
socks = ["socksio (>=1.0.0,<2.0.0)"]

[[package]]
name = "httpx"
version = "0.24.1"
description = "The next generation HTTP client."
category = "main"
optional = false
python-versions = ">=3.7"
files = [
    {file = "httpx-0.24.1-py3-none-any.whl", hash = "sha256:06781eb9ac53cde990577af654bd990a4949de37a28bdb4a230d434f3a30b9bd"},
    {file = "httpx-0.24.1.tar.gz", hash = "sha256:5853a43053df830c20f8110c5e69fe44d035d850b2dfe795e196f00fdb774bdd"},
]

[package.dependencies]
certifi = "*"
httpcore = ">=0.15.0,<0.18.0"
idna = "*"
sniffio = "*"

[package.extras]
brotli = ["brotli", "brotlicffi"]
cli = ["click (>=8.0.0,<9.0.0)", "pygments (>=2.0.0,<3.0.0)", "rich (>=10,<14)"]
http2 = ["h2 (>=3,<5)"]
socks = ["socksio (>=1.0.0,<2.0.0)"]

[[package]]
name = "idna"
version = "3.4"
description = "Internationalized Domain Names in Applications (IDNA)"
category = "main"
optional = false
python-versions = ">=3.5"
files = [
    {file = "idna-3.4-py3-none-any.whl", hash = "sha256:90b77e79eaa3eba6de819a0c442c0b4ceefc341a7a2ab77d7562bf49f425c5c2"},
    {file = "idna-3.4.tar.gz", hash = "sha256:814f528e8dead7d329833b91c5faa87d60bf71824cd12a7530b5526063d02cb4"},
]

[[package]]
name = "multiformats"
version = "0.2.1"
description = "Python implementation of multiformats protocols."
category = "main"
optional = false
python-versions = ">=3.7"
files = [
    {file = "multiformats-0.2.1-py3-none-any.whl", hash = "sha256:0655fad05cff4cb9eaae3a0f61c4cf8189857fef5a5d0ade6aa25d6b8439e204"},
    {file = "multiformats-0.2.1.tar.gz", hash = "sha256:4aee6eb5289c3cd00315e3f2b97e36b60db6af9bcec91d65f32d7155942dbef9"},
]

[package.dependencies]
bases = "*"
multiformats-config = "*"
typing-extensions = "*"
typing-validation = "*"

[package.extras]
dev = ["blake3", "mmh3", "mypy", "pycryptodomex", "pylint", "pysha3", "pyskein", "pytest", "pytest-cov"]
full = ["blake3", "mmh3", "pycryptodomex", "pysha3", "pyskein"]

[[package]]
name = "multiformats-config"
version = "0.2.0.post4"
description = "Pre-loading configuration module for the 'multiformats' package."
category = "main"
optional = false
python-versions = ">=3.7"
files = [
    {file = "multiformats-config-0.2.0.post4.tar.gz", hash = "sha256:3b5d0be63211681edbcf887abe149fc17b43a79d0c009fb44232af9addf7a309"},
    {file = "multiformats_config-0.2.0.post4-py3-none-any.whl", hash = "sha256:221a630732f7bb2cd6cb708b94a85da683e29618e4a2055eea1bf4f980feefce"},
]

[package.dependencies]
multiformats = "*"

[package.extras]
dev = ["mypy", "pylint", "pytest", "pytest-cov"]

[[package]]
name = "pyjwt"
version = "2.7.0"
description = "JSON Web Token implementation in Python"
category = "main"
optional = false
python-versions = ">=3.7"
files = [
    {file = "PyJWT-2.7.0-py3-none-any.whl", hash = "sha256:ba2b425b15ad5ef12f200dc67dd56af4e26de2331f965c5439994dad075876e1"},
    {file = "PyJWT-2.7.0.tar.gz", hash = "sha256:bd6ca4a3c4285c1a2d4349e5a035fdf8fb94e04ccd0fcbe6ba289dae9cc3e074"},
]

[package.extras]
crypto = ["cryptography (>=3.4.0)"]
dev = ["coverage[toml] (==5.0.4)", "cryptography (>=3.4.0)", "pre-commit", "pytest (>=6.0.0,<7.0.0)", "sphinx (>=4.5.0,<5.0.0)", "sphinx-rtd-theme", "zope.interface"]
docs = ["sphinx (>=4.5.0,<5.0.0)", "sphinx-rtd-theme", "zope.interface"]
tests = ["coverage[toml] (==5.0.4)", "pytest (>=6.0.0,<7.0.0)"]

[[package]]
name = "sniffio"
version = "1.3.0"
description = "Sniff out which async library your code is running under"
category = "main"
optional = false
python-versions = ">=3.7"
files = [
    {file = "sniffio-1.3.0-py3-none-any.whl", hash = "sha256:eecefdce1e5bbfb7ad2eeaabf7c1eeb404d7757c379bd1f7e5cce9d8bf425384"},
    {file = "sniffio-1.3.0.tar.gz", hash = "sha256:e60305c5e5d314f5389259b7f22aaa33d8f7dee49763119234af3755c55b9101"},
]

[[package]]
name = "typing-extensions"
version = "4.5.0"
description = "Backported and Experimental Type Hints for Python 3.7+"
category = "main"
optional = false
python-versions = ">=3.7"
files = [
    {file = "typing_extensions-4.5.0-py3-none-any.whl", hash = "sha256:fb33085c39dd998ac16d1431ebc293a8b3eedd00fd4a32de0ff79002c19511b4"},
    {file = "typing_extensions-4.5.0.tar.gz", hash = "sha256:5cb5f4a79139d699607b3ef622a1dedafa84e115ab0024e0d9c044a9479ca7cb"},
]

[[package]]
name = "typing-validation"
version = "1.0.0.post2"
description = "A simple library for runtime type-checking."
category = "main"
optional = false
python-versions = ">=3.7"
files = [
    {file = "typing-validation-1.0.0.post2.tar.gz", hash = "sha256:6a30dec74373f9dca29db6f79ef65eb765a6934c09d87639cf422288933b2aa4"},
    {file = "typing_validation-1.0.0.post2-py3-none-any.whl", hash = "sha256:c9f5cb42435ee59fcf5a1a69dc88ccd5dc6f904436e61b5b8c276906a1c9e454"},
]

[package.extras]
dev = ["mypy", "pylint", "pytest", "pytest-cov", "rich"]

[metadata]
lock-version = "2.0"
python-versions = ">=3.10,<3.12"
content-hash = "c1237dbcc9e3ca3310d817c18971c3c28853cb9c85c2e487d4f0064b6a884c79"
